PODS:
  - Bolts (1.9.0):
    - Bolts/AppLinks (= 1.9.0)
    - Bolts/Tasks (= 1.9.0)
  - Bolts/AppLinks (1.9.0):
    - Bolts/Tasks
  - Bolts/Tasks (1.9.0)
  - FacebookCore (0.3.3):
    - Bolts (~> 1.9)
    - FBSDKCoreKit (~> 4.36)
  - FacebookLogin (0.3.3):
    - Bolts (~> 1.9)
    - FacebookCore (~> 0.3.3)
    - FBSDKCoreKit (~> 4.36)
    - FBSDKLoginKit (~> 4.36)
  - FacebookShare (0.3.3):
    - Bolts (~> 1.9)
    - FacebookCore (~> 0.3.3)
    - FBSDKCoreKit (~> 4.36)
    - FBSDKShareKit (~> 4.36)
  - FBSDKCoreKit (4.36.0):
    - Bolts (~> 1.7)
  - FBSDKLoginKit (4.36.0):
    - FBSDKCoreKit
  - FBSDKShareKit (4.36.0):
    - FBSDKCoreKit (~> 4.36.0)
  - ObjectMapper (3.3.0)
  - Realm (3.10.0):
    - Realm/Headers (= 3.10.0)
  - Realm/Headers (3.10.0)
  - RealmSwift (3.10.0):
    - Realm (= 3.10.0)

DEPENDENCIES:
  - FacebookCore
  - FacebookLogin
  - FacebookShare
  - ObjectMapper
  - RealmSwift

SPEC REPOS:
  https://github.com/cocoapods/specs.git:
    - Bolts
    - FacebookCore
    - FacebookLogin
    - FacebookShare
    - FBSDKCoreKit
    - FBSDKLoginKit
    - FBSDKShareKit
    - ObjectMapper
    - Realm
    - RealmSwift

SPEC CHECKSUMS:
  Bolts: ac6567323eac61e203f6a9763667d0f711be34c8
  FacebookCore: 9ecbe48cfd37c91a93add7f8cec2b4a2c50a1eec
  FacebookLogin: bdaea5789e9b364fa8a1990ba3bbba4fd2197415
  FacebookShare: 14e88f2dcc3a03376304d2a1e10254296076ce88
  FBSDKCoreKit: 3b8e6570eedb443f9fc4af196a7bf39f18e3a3d8
  FBSDKLoginKit: 8bccb6064708ab2f4251a7fc4e3b6d8d00ad91ba
  FBSDKShareKit: 7090fdd55c39b03941efddb64c83a64ff6b3949f
  ObjectMapper: b612bf8c8e99c4dc0bb6013a51f7c27966ed5da9
  Realm: 85ab9e4f779d66f6e9ffeb118dc25b7f130c96ac
  RealmSwift: 69121c8b86d0ae005fb779efdb10e606732e1c74

PODFILE CHECKSUM: b7a8e1bf453c79bd81264801da7d5453994ffaae

COCOAPODS: 1.5.3
