// !$*UTF8*$!
{
	archiveVersion = 1;
	classes = {
	};
	objectVersion = 50;
	objects = {

/* Begin PBXBuildFile section */
		2DCAA2EE54A88442BD1EBAAE /* Pods_MyDiary.framework in Frameworks */ = {isa = PBXBuildFile; fileRef = 45154B3EB87DA17E3F2AD5AC /* Pods_MyDiary.framework */; };
		3F9CE9C2214A0C6C00414BD6 /* EntryDeatilView.xib in Resources */ = {isa = PBXBuildFile; fileRef = 3F9CE9C0214A0C6C00414BD6 /* EntryDeatilView.xib */; };
		3F9CE9C4214A0C8600414BD6 /* EntryDeatilView.swift in Sources */ = {isa = PBXBuildFile; fileRef = 3F9CE9C3214A0C8600414BD6 /* EntryDeatilView.swift */; };
		3F9CE9C6214A105E00414BD6 /* ColorExtension.swift in Sources */ = {isa = PBXBuildFile; fileRef = 3F9CE9C5214A105E00414BD6 /* ColorExtension.swift */; };
		3FED39162148CBD7005831F9 /* AppDelegate.swift in Sources */ = {isa = PBXBuildFile; fileRef = 3FED39152148CBD7005831F9 /* AppDelegate.swift */; };
		3FED391B2148CBD7005831F9 /* Main.storyboard in Resources */ = {isa = PBXBuildFile; fileRef = 3FED39192148CBD7005831F9 /* Main.storyboard */; };
		3FED391D2148CBD9005831F9 /* Assets.xcassets in Resources */ = {isa = PBXBuildFile; fileRef = 3FED391C2148CBD9005831F9 /* Assets.xcassets */; };
		3FED39202148CBD9005831F9 /* LaunchScreen.storyboard in Resources */ = {isa = PBXBuildFile; fileRef = 3FED391E2148CBD9005831F9 /* LaunchScreen.storyboard */; };
		3FED39282148CDD9005831F9 /* LoginViewController.swift in Sources */ = {isa = PBXBuildFile; fileRef = 3FED39272148CDD9005831F9 /* LoginViewController.swift */; };
		3FED39322148CE62005831F9 /* Helper.swift in Sources */ = {isa = PBXBuildFile; fileRef = 3FED392B2148CE62005831F9 /* Helper.swift */; };
		3FED39332148CE62005831F9 /* DoubleExtension.swift in Sources */ = {isa = PBXBuildFile; fileRef = 3FED392D2148CE62005831F9 /* DoubleExtension.swift */; };
		3FED39342148CE62005831F9 /* RealmMigration.swift in Sources */ = {isa = PBXBuildFile; fileRef = 3FED392F2148CE62005831F9 /* RealmMigration.swift */; };
		3FED39352148CE62005831F9 /* RLM_Record.swift in Sources */ = {isa = PBXBuildFile; fileRef = 3FED39302148CE62005831F9 /* RLM_Record.swift */; };
		3FED39362148CE62005831F9 /* RLM_User.swift in Sources */ = {isa = PBXBuildFile; fileRef = 3FED39312148CE62005831F9 /* RLM_User.swift */; };
		3FED39382148D31B005831F9 /* IndexViewController.swift in Sources */ = {isa = PBXBuildFile; fileRef = 3FED39372148D31B005831F9 /* IndexViewController.swift */; };
		3FED393B2148E73D005831F9 /* ItemTableViewCell.swift in Sources */ = {isa = PBXBuildFile; fileRef = 3FED393A2148E73D005831F9 /* ItemTableViewCell.swift */; };
		3FED393D2148F255005831F9 /* EntriesViewController.swift in Sources */ = {isa = PBXBuildFile; fileRef = 3FED393C2148F255005831F9 /* EntriesViewController.swift */; };
		3FED393F21490F8E005831F9 /* EntriesTableViewCell.swift in Sources */ = {isa = PBXBuildFile; fileRef = 3FED393E21490F8E005831F9 /* EntriesTableViewCell.swift */; };
		3FED394121491267005831F9 /* CALayerExtenstion.swift in Sources */ = {isa = PBXBuildFile; fileRef = 3FED394021491267005831F9 /* CALayerExtenstion.swift */; };
/* End PBXBuildFile section */

/* Begin PBXFileReference section */
		3F9CE9C0214A0C6C00414BD6 /* EntryDeatilView.xib */ = {isa = PBXFileReference; lastKnownFileType = file.xib; path = EntryDeatilView.xib; sourceTree = "<group>"; };
		3F9CE9C3214A0C8600414BD6 /* EntryDeatilView.swift */ = {isa = PBXFileReference; lastKnownFileType = sourcecode.swift; path = EntryDeatilView.swift; sourceTree = "<group>"; };
		3F9CE9C5214A105E00414BD6 /* ColorExtension.swift */ = {isa = PBXFileReference; fileEncoding = 4; lastKnownFileType = sourcecode.swift; path = ColorExtension.swift; sourceTree = "<group>"; };
		3FED39122148CBD7005831F9 /* MyDiary.app */ = {isa = PBXFileReference; explicitFileType = wrapper.application; includeInIndex = 0; path = MyDiary.app; sourceTree = BUILT_PRODUCTS_DIR; };
		3FED39152148CBD7005831F9 /* AppDelegate.swift */ = {isa = PBXFileReference; lastKnownFileType = sourcecode.swift; path = AppDelegate.swift; sourceTree = "<group>"; };
		3FED391A2148CBD7005831F9 /* Base */ = {isa = PBXFileReference; lastKnownFileType = file.storyboard; name = Base; path = Base.lproj/Main.storyboard; sourceTree = "<group>"; };
		3FED391C2148CBD9005831F9 /* Assets.xcassets */ = {isa = PBXFileReference; lastKnownFileType = folder.assetcatalog; path = Assets.xcassets; sourceTree = "<group>"; };
		3FED391F2148CBD9005831F9 /* Base */ = {isa = PBXFileReference; lastKnownFileType = file.storyboard; name = Base; path = Base.lproj/LaunchScreen.storyboard; sourceTree = "<group>"; };
		3FED39212148CBD9005831F9 /* Info.plist */ = {isa = PBXFileReference; lastKnownFileType = text.plist.xml; path = Info.plist; sourceTree = "<group>"; };
		3FED39272148CDD9005831F9 /* LoginViewController.swift */ = {isa = PBXFileReference; lastKnownFileType = sourcecode.swift; path = LoginViewController.swift; sourceTree = "<group>"; };
		3FED392B2148CE62005831F9 /* Helper.swift */ = {isa = PBXFileReference; fileEncoding = 4; lastKnownFileType = sourcecode.swift; path = Helper.swift; sourceTree = "<group>"; };
		3FED392D2148CE62005831F9 /* DoubleExtension.swift */ = {isa = PBXFileReference; fileEncoding = 4; lastKnownFileType = sourcecode.swift; path = DoubleExtension.swift; sourceTree = "<group>"; };
		3FED392F2148CE62005831F9 /* RealmMigration.swift */ = {isa = PBXFileReference; fileEncoding = 4; lastKnownFileType = sourcecode.swift; path = RealmMigration.swift; sourceTree = "<group>"; };
		3FED39302148CE62005831F9 /* RLM_Record.swift */ = {isa = PBXFileReference; fileEncoding = 4; lastKnownFileType = sourcecode.swift; path = RLM_Record.swift; sourceTree = "<group>"; };
		3FED39312148CE62005831F9 /* RLM_User.swift */ = {isa = PBXFileReference; fileEncoding = 4; lastKnownFileType = sourcecode.swift; path = RLM_User.swift; sourceTree = "<group>"; };
		3FED39372148D31B005831F9 /* IndexViewController.swift */ = {isa = PBXFileReference; lastKnownFileType = sourcecode.swift; path = IndexViewController.swift; sourceTree = "<group>"; };
		3FED393A2148E73D005831F9 /* ItemTableViewCell.swift */ = {isa = PBXFileReference; lastKnownFileType = sourcecode.swift; path = ItemTableViewCell.swift; sourceTree = "<group>"; };
		3FED393C2148F255005831F9 /* EntriesViewController.swift */ = {isa = PBXFileReference; lastKnownFileType = sourcecode.swift; path = EntriesViewController.swift; sourceTree = "<group>"; };
		3FED393E21490F8E005831F9 /* EntriesTableViewCell.swift */ = {isa = PBXFileReference; lastKnownFileType = sourcecode.swift; path = EntriesTableViewCell.swift; sourceTree = "<group>"; };
		3FED394021491267005831F9 /* CALayerExtenstion.swift */ = {isa = PBXFileReference; fileEncoding = 4; lastKnownFileType = sourcecode.swift; path = CALayerExtenstion.swift; sourceTree = "<group>"; };
		45154B3EB87DA17E3F2AD5AC /* Pods_MyDiary.framework */ = {isa = PBXFileReference; explicitFileType = wrapper.framework; includeInIndex = 0; path = Pods_MyDiary.framework; sourceTree = BUILT_PRODUCTS_DIR; };
		B484265274CDEC56D6585EEB /* Pods-MyDiary.release.xcconfig */ = {isa = PBXFileReference; includeInIndex = 1; lastKnownFileType = text.xcconfig; name = "Pods-MyDiary.release.xcconfig"; path = "Pods/Target Support Files/Pods-MyDiary/Pods-MyDiary.release.xcconfig"; sourceTree = "<group>"; };
		D80DF85363392B047507C890 /* Pods-MyDiary.debug.xcconfig */ = {isa = PBXFileReference; includeInIndex = 1; lastKnownFileType = text.xcconfig; name = "Pods-MyDiary.debug.xcconfig"; path = "Pods/Target Support Files/Pods-MyDiary/Pods-MyDiary.debug.xcconfig"; sourceTree = "<group>"; };
/* End PBXFileReference section */

/* Begin PBXFrameworksBuildPhase section */
		3FED390F2148CBD7005831F9 /* Frameworks */ = {
			isa = PBXFrameworksBuildPhase;
			buildActionMask = 2147483647;
			files = (
				2DCAA2EE54A88442BD1EBAAE /* Pods_MyDiary.framework in Frameworks */,
			);
			runOnlyForDeploymentPostprocessing = 0;
		};
/* End PBXFrameworksBuildPhase section */

/* Begin PBXGroup section */
		3FED39092148CBD7005831F9 = {
			isa = PBXGroup;
			children = (
				3FED39142148CBD7005831F9 /* MyDiary */,
				3FED39132148CBD7005831F9 /* Products */,
				95C2F5765A8B7D2F0C0117AA /* Pods */,
				9110671A0071B39EB2FBF2DB /* Frameworks */,
			);
			sourceTree = "<group>";
		};
		3FED39132148CBD7005831F9 /* Products */ = {
			isa = PBXGroup;
			children = (
				3FED39122148CBD7005831F9 /* MyDiary.app */,
			);
			name = Products;
			sourceTree = "<group>";
		};
		3FED39142148CBD7005831F9 /* MyDiary */ = {
			isa = PBXGroup;
			children = (
				3FED39292148CE26005831F9 /* AppBase */,
				3FED39392148E729005831F9 /* View */,
				3FED39152148CBD7005831F9 /* AppDelegate.swift */,
				3FED39272148CDD9005831F9 /* LoginViewController.swift */,
				3FED39372148D31B005831F9 /* IndexViewController.swift */,
				3FED393C2148F255005831F9 /* EntriesViewController.swift */,
				3FED39192148CBD7005831F9 /* Main.storyboard */,
				3FED391C2148CBD9005831F9 /* Assets.xcassets */,
				3FED391E2148CBD9005831F9 /* LaunchScreen.storyboard */,
				3FED39212148CBD9005831F9 /* Info.plist */,
			);
			path = MyDiary;
			sourceTree = "<group>";
		};
		3FED39292148CE26005831F9 /* AppBase */ = {
			isa = PBXGroup;
			children = (
				3FED392C2148CE62005831F9 /* Extension */,
				3FED392E2148CE62005831F9 /* RealmModel */,
				3FED392A2148CE62005831F9 /* Utility */,
			);
			path = AppBase;
			sourceTree = "<group>";
		};
		3FED392A2148CE62005831F9 /* Utility */ = {
			isa = PBXGroup;
			children = (
				3FED392B2148CE62005831F9 /* Helper.swift */,
			);
			path = Utility;
			sourceTree = "<group>";
		};
		3FED392C2148CE62005831F9 /* Extension */ = {
			isa = PBXGroup;
			children = (
				3F9CE9C5214A105E00414BD6 /* ColorExtension.swift */,
				3FED394021491267005831F9 /* CALayerExtenstion.swift */,
				3FED392D2148CE62005831F9 /* DoubleExtension.swift */,
			);
			path = Extension;
			sourceTree = "<group>";
		};
		3FED392E2148CE62005831F9 /* RealmModel */ = {
			isa = PBXGroup;
			children = (
				3FED392F2148CE62005831F9 /* RealmMigration.swift */,
				3FED39302148CE62005831F9 /* RLM_Record.swift */,
				3FED39312148CE62005831F9 /* RLM_User.swift */,
			);
			path = RealmModel;
			sourceTree = "<group>";
		};
		3FED39392148E729005831F9 /* View */ = {
			isa = PBXGroup;
			children = (
				3FED393A2148E73D005831F9 /* ItemTableViewCell.swift */,
				3FED393E21490F8E005831F9 /* EntriesTableViewCell.swift */,
				3F9CE9C3214A0C8600414BD6 /* EntryDeatilView.swift */,
				3F9CE9C0214A0C6C00414BD6 /* EntryDeatilView.xib */,
			);
			path = View;
			sourceTree = "<group>";
		};
		9110671A0071B39EB2FBF2DB /* Frameworks */ = {
			isa = PBXGroup;
			children = (
				45154B3EB87DA17E3F2AD5AC /* Pods_MyDiary.framework */,
			);
			name = Frameworks;
			sourceTree = "<group>";
		};
		95C2F5765A8B7D2F0C0117AA /* Pods */ = {
			isa = PBXGroup;
			children = (
				D80DF85363392B047507C890 /* Pods-MyDiary.debug.xcconfig */,
				B484265274CDEC56D6585EEB /* Pods-MyDiary.release.xcconfig */,
			);
			name = Pods;
			sourceTree = "<group>";
		};
/* End PBXGroup section */

/* Begin PBXNativeTarget section */
		3FED39112148CBD7005831F9 /* MyDiary */ = {
			isa = PBXNativeTarget;
			buildConfigurationList = 3FED39242148CBD9005831F9 /* Build configuration list for PBXNativeTarget "MyDiary" */;
			buildPhases = (
				FF037A494128933B4811CDB5 /* [CP] Check Pods Manifest.lock */,
				3FED390E2148CBD7005831F9 /* Sources */,
				3FED390F2148CBD7005831F9 /* Frameworks */,
				3FED39102148CBD7005831F9 /* Resources */,
				D0E04D67E15CF189B29D9F03 /* [CP] Embed Pods Frameworks */,
			);
			buildRules = (
			);
			dependencies = (
			);
			name = MyDiary;
			productName = MyDiary;
			productReference = 3FED39122148CBD7005831F9 /* MyDiary.app */;
			productType = "com.apple.product-type.application";
		};
/* End PBXNativeTarget section */

/* Begin PBXProject section */
		3FED390A2148CBD7005831F9 /* Project object */ = {
			isa = PBXProject;
			attributes = {
				LastSwiftUpdateCheck = 0940;
				LastUpgradeCheck = 0940;
				ORGANIZATIONNAME = Laibit;
				TargetAttributes = {
					3FED39112148CBD7005831F9 = {
						CreatedOnToolsVersion = 9.4.1;
					};
				};
			};
			buildConfigurationList = 3FED390D2148CBD7005831F9 /* Build configuration list for PBXProject "MyDiary" */;
			compatibilityVersion = "Xcode 9.3";
			developmentRegion = en;
			hasScannedForEncodings = 0;
			knownRegions = (
				en,
				Base,
			);
			mainGroup = 3FED39092148CBD7005831F9;
			productRefGroup = 3FED39132148CBD7005831F9 /* Products */;
			projectDirPath = "";
			projectRoot = "";
			targets = (
				3FED39112148CBD7005831F9 /* MyDiary */,
			);
		};
/* End PBXProject section */

/* Begin PBXResourcesBuildPhase section */
		3FED39102148CBD7005831F9 /* Resources */ = {
			isa = PBXResourcesBuildPhase;
			buildActionMask = 2147483647;
			files = (
				3FED39202148CBD9005831F9 /* LaunchScreen.storyboard in Resources */,
				3FED391D2148CBD9005831F9 /* Assets.xcassets in Resources */,
				3F9CE9C2214A0C6C00414BD6 /* EntryDeatilView.xib in Resources */,
				3FED391B2148CBD7005831F9 /* Main.storyboard in Resources */,
			);
			runOnlyForDeploymentPostprocessing = 0;
		};
/* End PBXResourcesBuildPhase section */

/* Begin PBXShellScriptBuildPhase section */
		D0E04D67E15CF189B29D9F03 /* [CP] Embed Pods Frameworks */ = {
			isa = PBXShellScriptBuildPhase;
			buildActionMask = 2147483647;
			files = (
			);
			inputPaths = (
				"${SRCROOT}/Pods/Target Support Files/Pods-MyDiary/Pods-MyDiary-frameworks.sh",
				"${BUILT_PRODUCTS_DIR}/Bolts/Bolts.framework",
				"${BUILT_PRODUCTS_DIR}/FBSDKCoreKit/FBSDKCoreKit.framework",
				"${BUILT_PRODUCTS_DIR}/FBSDKLoginKit/FBSDKLoginKit.framework",
				"${BUILT_PRODUCTS_DIR}/FBSDKShareKit/FBSDKShareKit.framework",
				"${BUILT_PRODUCTS_DIR}/FacebookCore/FacebookCore.framework",
				"${BUILT_PRODUCTS_DIR}/FacebookLogin/FacebookLogin.framework",
				"${BUILT_PRODUCTS_DIR}/FacebookShare/FacebookShare.framework",
				"${BUILT_PRODUCTS_DIR}/ObjectMapper/ObjectMapper.framework",
				"${BUILT_PRODUCTS_DIR}/Realm/Realm.framework",
				"${BUILT_PRODUCTS_DIR}/RealmSwift/RealmSwift.framework",
			);
			name = "[CP] Embed Pods Frameworks";
			outputPaths = (
				"${TARGET_BUILD_DIR}/${FRAMEWORKS_FOLDER_PATH}/Bolts.framework",
				"${TARGET_BUILD_DIR}/${FRAMEWORKS_FOLDER_PATH}/FBSDKCoreKit.framework",
				"${TARGET_BUILD_DIR}/${FRAMEWORKS_FOLDER_PATH}/FBSDKLoginKit.framework",
				"${TARGET_BUILD_DIR}/${FRAMEWORKS_FOLDER_PATH}/FBSDKShareKit.framework",
				"${TARGET_BUILD_DIR}/${FRAMEWORKS_FOLDER_PATH}/FacebookCore.framework",
				"${TARGET_BUILD_DIR}/${FRAMEWORKS_FOLDER_PATH}/FacebookLogin.framework",
				"${TARGET_BUILD_DIR}/${FRAMEWORKS_FOLDER_PATH}/FacebookShare.framework",
				"${TARGET_BUILD_DIR}/${FRAMEWORKS_FOLDER_PATH}/ObjectMapper.framework",
				"${TARGET_BUILD_DIR}/${FRAMEWORKS_FOLDER_PATH}/Realm.framework",
				"${TARGET_BUILD_DIR}/${FRAMEWORKS_FOLDER_PATH}/RealmSwift.framework",
			);
			runOnlyForDeploymentPostprocessing = 0;
			shellPath = /bin/sh;
			shellScript = "\"${SRCROOT}/Pods/Target Support Files/Pods-MyDiary/Pods-MyDiary-frameworks.sh\"\n";
			showEnvVarsInLog = 0;
		};
		FF037A494128933B4811CDB5 /* [CP] Check Pods Manifest.lock */ = {
			isa = PBXShellScriptBuildPhase;
			buildActionMask = 2147483647;
			files = (
			);
			inputPaths = (
				"${PODS_PODFILE_DIR_PATH}/Podfile.lock",
				"${PODS_ROOT}/Manifest.lock",
			);
			name = "[CP] Check Pods Manifest.lock";
			outputPaths = (
				"$(DERIVED_FILE_DIR)/Pods-MyDiary-checkManifestLockResult.txt",
			);
			runOnlyForDeploymentPostprocessing = 0;
			shellPath = /bin/sh;
			shellScript = "diff \"${PODS_PODFILE_DIR_PATH}/Podfile.lock\" \"${PODS_ROOT}/Manifest.lock\" > /dev/null\nif [ $? != 0 ] ; then\n    # print error to STDERR\n    echo \"error: The sandbox is not in sync with the Podfile.lock. Run 'pod install' or update your CocoaPods installation.\" >&2\n    exit 1\nfi\n# This output is used by Xcode 'outputs' to avoid re-running this script phase.\necho \"SUCCESS\" > \"${SCRIPT_OUTPUT_FILE_0}\"\n";
			showEnvVarsInLog = 0;
		};
/* End PBXShellScriptBuildPhase section */

/* Begin PBXSourcesBuildPhase section */
		3FED390E2148CBD7005831F9 /* Sources */ = {
			isa = PBXSourcesBuildPhase;
			buildActionMask = 2147483647;
			files = (
				3F9CE9C4214A0C8600414BD6 /* EntryDeatilView.swift in Sources */,
				3FED394121491267005831F9 /* CALayerExtenstion.swift in Sources */,
				3FED39362148CE62005831F9 /* RLM_User.swift in Sources */,
				3FED393B2148E73D005831F9 /* ItemTableViewCell.swift in Sources */,
				3FED39342148CE62005831F9 /* RealmMigration.swift in Sources */,
				3F9CE9C6214A105E00414BD6 /* ColorExtension.swift in Sources */,
				3FED393D2148F255005831F9 /* EntriesViewController.swift in Sources */,
				3FED39332148CE62005831F9 /* DoubleExtension.swift in Sources */,
				3FED39382148D31B005831F9 /* IndexViewController.swift in Sources */,
				3FED393F21490F8E005831F9 /* EntriesTableViewCell.swift in Sources */,
				3FED39352148CE62005831F9 /* RLM_Record.swift in Sources */,
				3FED39282148CDD9005831F9 /* LoginViewController.swift in Sources */,
				3FED39162148CBD7005831F9 /* AppDelegate.swift in Sources */,
				3FED39322148CE62005831F9 /* Helper.swift in Sources */,
			);
			runOnlyForDeploymentPostprocessing = 0;
		};
/* End PBXSourcesBuildPhase section */

/* Begin PBXVariantGroup section */
		3FED39192148CBD7005831F9 /* Main.storyboard */ = {
			isa = PBXVariantGroup;
			children = (
				3FED391A2148CBD7005831F9 /* Base */,
			);
			name = Main.storyboard;
			sourceTree = "<group>";
		};
		3FED391E2148CBD9005831F9 /* LaunchScreen.storyboard */ = {
			isa = PBXVariantGroup;
			children = (
				3FED391F2148CBD9005831F9 /* Base */,
			);
			name = LaunchScreen.storyboard;
			sourceTree = "<group>";
		};
/* End PBXVariantGroup section */

/* Begin XCBuildConfiguration section */
		3FED39222148CBD9005831F9 /* Debug */ = {
			isa = XCBuildConfiguration;
			buildSettings = {
				ALWAYS_SEARCH_USER_PATHS = NO;
				CLANG_ANALYZER_NONNULL = YES;
				CLANG_ANALYZER_NUMBER_OBJECT_CONVERSION = YES_AGGRESSIVE;
				CLANG_CXX_LANGUAGE_STANDARD = "gnu++14";
				CLANG_CXX_LIBRARY = "libc++";
				CLANG_ENABLE_MODULES = YES;
				CLANG_ENABLE_OBJC_ARC = YES;
				CLANG_ENABLE_OBJC_WEAK = YES;
				CLANG_WARN_BLOCK_CAPTURE_AUTORELEASING = YES;
				CLANG_WARN_BOOL_CONVERSION = YES;
				CLANG_WARN_COMMA = YES;
				CLANG_WARN_CONSTANT_CONVERSION = YES;
				CLANG_WARN_DEPRECATED_OBJC_IMPLEMENTATIONS = YES;
				CLANG_WARN_DIRECT_OBJC_ISA_USAGE = YES_ERROR;
				CLANG_WARN_DOCUMENTATION_COMMENTS = YES;
				CLANG_WARN_EMPTY_BODY = YES;
				CLANG_WARN_ENUM_CONVERSION = YES;
				CLANG_WARN_INFINITE_RECURSION = YES;
				CLANG_WARN_INT_CONVERSION = YES;
				CLANG_WARN_NON_LITERAL_NULL_CONVERSION = YES;
				CLANG_WARN_OBJC_IMPLICIT_RETAIN_SELF = YES;
				CLANG_WARN_OBJC_LITERAL_CONVERSION = YES;
				CLANG_WARN_OBJC_ROOT_CLASS = YES_ERROR;
				CLANG_WARN_RANGE_LOOP_ANALYSIS = YES;
				CLANG_WARN_STRICT_PROTOTYPES = YES;
				CLANG_WARN_SUSPICIOUS_MOVE = YES;
				CLANG_WARN_UNGUARDED_AVAILABILITY = YES_AGGRESSIVE;
				CLANG_WARN_UNREACHABLE_CODE = YES;
				CLANG_WARN__DUPLICATE_METHOD_MATCH = YES;
				CODE_SIGN_IDENTITY = "iPhone Developer";
				COPY_PHASE_STRIP = NO;
				DEBUG_INFORMATION_FORMAT = dwarf;
				ENABLE_STRICT_OBJC_MSGSEND = YES;
				ENABLE_TESTABILITY = YES;
				GCC_C_LANGUAGE_STANDARD = gnu11;
				GCC_DYNAMIC_NO_PIC = NO;
				GCC_NO_COMMON_BLOCKS = YES;
				GCC_OPTIMIZATION_LEVEL = 0;
				GCC_PREPROCESSOR_DEFINITIONS = (
					"DEBUG=1",
					"$(inherited)",
				);
				GCC_WARN_64_TO_32_BIT_CONVERSION = YES;
				GCC_WARN_ABOUT_RETURN_TYPE = YES_ERROR;
				GCC_WARN_UNDECLARED_SELECTOR = YES;
				GCC_WARN_UNINITIALIZED_AUTOS = YES_AGGRESSIVE;
				GCC_WARN_UNUSED_FUNCTION = YES;
				GCC_WARN_UNUSED_VARIABLE = YES;
				IPHONEOS_DEPLOYMENT_TARGET = 11.4;
				MTL_ENABLE_DEBUG_INFO = YES;
				ONLY_ACTIVE_ARCH = YES;
				SDKROOT = iphoneos;
				SWIFT_ACTIVE_COMPILATION_CONDITIONS = DEBUG;
				SWIFT_OPTIMIZATION_LEVEL = "-Onone";
			};
			name = Debug;
		};
		3FED39232148CBD9005831F9 /* Release */ = {
			isa = XCBuildConfiguration;
			buildSettings = {
				ALWAYS_SEARCH_USER_PATHS = NO;
				CLANG_ANALYZER_NONNULL = YES;
				CLANG_ANALYZER_NUMBER_OBJECT_CONVERSION = YES_AGGRESSIVE;
				CLANG_CXX_LANGUAGE_STANDARD = "gnu++14";
				CLANG_CXX_LIBRARY = "libc++";
				CLANG_ENABLE_MODULES = YES;
				CLANG_ENABLE_OBJC_ARC = YES;
				CLANG_ENABLE_OBJC_WEAK = YES;
				CLANG_WARN_BLOCK_CAPTURE_AUTORELEASING = YES;
				CLANG_WARN_BOOL_CONVERSION = YES;
				CLANG_WARN_COMMA = YES;
				CLANG_WARN_CONSTANT_CONVERSION = YES;
				CLANG_WARN_DEPRECATED_OBJC_IMPLEMENTATIONS = YES;
				CLANG_WARN_DIRECT_OBJC_ISA_USAGE = YES_ERROR;
				CLANG_WARN_DOCUMENTATION_COMMENTS = YES;
				CLANG_WARN_EMPTY_BODY = YES;
				CLANG_WARN_ENUM_CONVERSION = YES;
				CLANG_WARN_INFINITE_RECURSION = YES;
				CLANG_WARN_INT_CONVERSION = YES;
				CLANG_WARN_NON_LITERAL_NULL_CONVERSION = YES;
				CLANG_WARN_OBJC_IMPLICIT_RETAIN_SELF = YES;
				CLANG_WARN_OBJC_LITERAL_CONVERSION = YES;
				CLANG_WARN_OBJC_ROOT_CLASS = YES_ERROR;
				CLANG_WARN_RANGE_LOOP_ANALYSIS = YES;
				CLANG_WARN_STRICT_PROTOTYPES = YES;
				CLANG_WARN_SUSPICIOUS_MOVE = YES;
				CLANG_WARN_UNGUARDED_AVAILABILITY = YES_AGGRESSIVE;
				CLANG_WARN_UNREACHABLE_CODE = YES;
				CLANG_WARN__DUPLICATE_METHOD_MATCH = YES;
				CODE_SIGN_IDENTITY = "iPhone Developer";
				COPY_PHASE_STRIP = NO;
				DEBUG_INFORMATION_FORMAT = "dwarf-with-dsym";
				ENABLE_NS_ASSERTIONS = NO;
				ENABLE_STRICT_OBJC_MSGSEND = YES;
				GCC_C_LANGUAGE_STANDARD = gnu11;
				GCC_NO_COMMON_BLOCKS = YES;
				GCC_WARN_64_TO_32_BIT_CONVERSION = YES;
				GCC_WARN_ABOUT_RETURN_TYPE = YES_ERROR;
				GCC_WARN_UNDECLARED_SELECTOR = YES;
				GCC_WARN_UNINITIALIZED_AUTOS = YES_AGGRESSIVE;
				GCC_WARN_UNUSED_FUNCTION = YES;
				GCC_WARN_UNUSED_VARIABLE = YES;
				IPHONEOS_DEPLOYMENT_TARGET = 11.4;
				MTL_ENABLE_DEBUG_INFO = NO;
				SDKROOT = iphoneos;
				SWIFT_COMPILATION_MODE = wholemodule;
				SWIFT_OPTIMIZATION_LEVEL = "-O";
				VALIDATE_PRODUCT = YES;
			};
			name = Release;
		};
		3FED39252148CBD9005831F9 /* Debug */ = {
			isa = XCBuildConfiguration;
			baseConfigurationReference = D80DF85363392B047507C890 /* Pods-MyDiary.debug.xcconfig */;
			buildSettings = {
				ASSETCATALOG_COMPILER_APPICON_NAME = AppIcon;
				CODE_SIGN_STYLE = Automatic;
				DEVELOPMENT_TEAM = 4VS4GFB76H;
				INFOPLIST_FILE = MyDiary/Info.plist;
				LD_RUNPATH_SEARCH_PATHS = (
					"$(inherited)",
					"@executable_path/Frameworks",
				);
				PRODUCT_BUNDLE_IDENTIFIER = com.laibit.MyDiary;
				PRODUCT_NAME = "$(TARGET_NAME)";
				SWIFT_VERSION = 4.0;
				TARGETED_DEVICE_FAMILY = "1,2";
			};
			name = Debug;
		};
		3FED39262148CBD9005831F9 /* Release */ = {
			isa = XCBuildConfiguration;
			baseConfigurationReference = B484265274CDEC56D6585EEB /* Pods-MyDiary.release.xcconfig */;
			buildSettings = {
				ASSETCATALOG_COMPILER_APPICON_NAME = AppIcon;
				CODE_SIGN_STYLE = Automatic;
				DEVELOPMENT_TEAM = 4VS4GFB76H;
				INFOPLIST_FILE = MyDiary/Info.plist;
				LD_RUNPATH_SEARCH_PATHS = (
					"$(inherited)",
					"@executable_path/Frameworks",
				);
				PRODUCT_BUNDLE_IDENTIFIER = com.laibit.MyDiary;
				PRODUCT_NAME = "$(TARGET_NAME)";
				SWIFT_VERSION = 4.0;
				TARGETED_DEVICE_FAMILY = "1,2";
			};
			name = Release;
		};
/* End XCBuildConfiguration section */

/* Begin XCConfigurationList section */
		3FED390D2148CBD7005831F9 /* Build configuration list for PBXProject "MyDiary" */ = {
			isa = XCConfigurationList;
			buildConfigurations = (
				3FED39222148CBD9005831F9 /* Debug */,
				3FED39232148CBD9005831F9 /* Release */,
			);
			defaultConfigurationIsVisible = 0;
			defaultConfigurationName = Release;
		};
		3FED39242148CBD9005831F9 /* Build configuration list for PBXNativeTarget "MyDiary" */ = {
			isa = XCConfigurationList;
			buildConfigurations = (
				3FED39252148CBD9005831F9 /* Debug */,
				3FED39262148CBD9005831F9 /* Release */,
			);
			defaultConfigurationIsVisible = 0;
			defaultConfigurationName = Release;
		};
/* End XCConfigurationList section */
	};
	rootObject = 3FED390A2148CBD7005831F9 /* Project object */;
}
